
Microsoft Visual Studio Solution File, Format Version 12.00
Project("{FAE04EC0-301F-11D3-BF4B-00C04F79EFBC}") = "LotusWebApp.Service", "LotusWebApp.Service\LotusWebApp.Service.csproj", "{0068E82F-BCDF-487B-BC0F-891607897D5F}"
EndProject
Project("{2150E333-8FDC-42A3-9474-1A3956D46DE8}") = "docker", "docker", "{6295546E-2F3C-444E-950E-8FAF9C3A1B54}"
	ProjectSection(SolutionItems) = preProject
		Dockerfile = Dockerfile
		docker-compose.yaml = docker-compose.yaml
		.dockerignore = .dockerignore
	EndProjectSection
EndProject
Project("{2150E333-8FDC-42A3-9474-1A3956D46DE8}") = "src", "src", "{4EEF81C3-87FC-42FA-BBAA-59B8ECAF4C4F}"
EndProject
Project("{2150E333-8FDC-42A3-9474-1A3956D46DE8}") = "docs", "docs", "{53F8699F-EFB8-41C3-9054-292AEEC8F15B}"
	ProjectSection(SolutionItems) = preProject
		README.md = README.md
	EndProjectSection
EndProject
Project("{2150E333-8FDC-42A3-9474-1A3956D46DE8}") = "workflows", "workflows", "{0584B2DF-3523-435D-A002-B6D2C77BFFEA}"
ProjectSection(SolutionItems) = preProject
		docker-hub.yml = .github\workflows\docker-hub.yml
EndProjectSection
EndProject
Project("{2150E333-8FDC-42A3-9474-1A3956D46DE8}") = ".github", ".github", "{5776CD2B-0896-4715-B058-0CD3954A3709}"
EndProject
Project("{2150E333-8FDC-42A3-9474-1A3956D46DE8}") = "k8s", "k8s", "{A13A7A51-6AA0-4F0F-B6C8-B69B952A8DBE}"
	ProjectSection(SolutionItems) = preProject
		k8s\Service.yaml = k8s\Service.yaml
		k8s\Ingress.yaml = k8s\Ingress.yaml
		k8s\Deployment.yaml = k8s\Deployment.yaml
	EndProjectSection
EndProject
Project("{FAE04EC0-301F-11D3-BF4B-00C04F79EFBC}") = "LotusWebApp.Data", "LotusWebApp.Data\LotusWebApp.Data.csproj", "{23D77A93-3FFB-4124-9280-61DC4ABDD7BE}"
EndProject
Project("{2150E333-8FDC-42A3-9474-1A3956D46DE8}") = "infra", "infra", "{9004847D-076F-48C5-9D35-E192D4DE5C94}"
	ProjectSection(SolutionItems) = preProject
		LotusLocalInfra\docker-compose.yaml = LotusLocalInfra\docker-compose.yaml
	EndProjectSection
EndProject
Project("{2150E333-8FDC-42A3-9474-1A3956D46DE8}") = "helm", "helm", "{74D14219-E126-47AB-B1F7-FFAB0350CE95}"
	ProjectSection(SolutionItems) = preProject
		helm\prometheus.yaml = helm\prometheus.yaml
		helm\Otus.postman_collection.json = helm\Otus.postman_collection.json
		helm\grafana.json = helm\grafana.json
		helm\OtusWithAuth.postman_collection.json = helm\OtusWithAuth.postman_collection.json
	EndProjectSection
EndProject
Project("{2150E333-8FDC-42A3-9474-1A3956D46DE8}") = "charts", "charts", "{A42221E7-3385-43A8-BF8B-C7D6CB9A97A6}"
EndProject
Project("{2150E333-8FDC-42A3-9474-1A3956D46DE8}") = "templates", "templates", "{9C7D4B52-10A7-4DF4-A9C2-F4313348D10D}"
	ProjectSection(SolutionItems) = preProject
		helm\lotus\templates\_helpers.tpl = helm\lotus\templates\_helpers.tpl
		helm\lotus\templates\deployment.yaml = helm\lotus\templates\deployment.yaml
		helm\lotus\templates\hpa.yaml = helm\lotus\templates\hpa.yaml
		helm\lotus\templates\ingress.yaml = helm\lotus\templates\ingress.yaml
		helm\lotus\templates\NOTES.txt = helm\lotus\templates\NOTES.txt
		helm\lotus\templates\service.yaml = helm\lotus\templates\service.yaml
		helm\lotus\templates\serviceaccount.yaml = helm\lotus\templates\serviceaccount.yaml
		helm\lotus\templates\config.yaml = helm\lotus\templates\config.yaml
		helm\lotus\templates\servicemonitor.yaml = helm\lotus\templates\servicemonitor.yaml
	EndProjectSection
EndProject
Project("{2150E333-8FDC-42A3-9474-1A3956D46DE8}") = "tests", "tests", "{A6CFE0F0-78AF-4577-A571-3B0CFA2B016D}"
	ProjectSection(SolutionItems) = preProject
		helm\lotus\templates\tests\test-connection.yaml = helm\lotus\templates\tests\test-connection.yaml
	EndProjectSection
EndProject
Project("{2150E333-8FDC-42A3-9474-1A3956D46DE8}") = "lotus", "lotus", "{2604A36B-8D86-48FB-A24C-0CD61C7A11CF}"
	ProjectSection(SolutionItems) = preProject
		helm\lotus\Chart.yaml = helm\lotus\Chart.yaml
		helm\lotus\values.yaml = helm\lotus\values.yaml
	EndProjectSection
EndProject
Project("{2150E333-8FDC-42A3-9474-1A3956D46DE8}") = "Домашние задания", "Домашние задания", "{A1CD7D45-B3AA-4075-87E1-1955DEEDE49C}"
	ProjectSection(SolutionItems) = preProject
		Домашние задания\дз Работа с Helm-ом.md = Домашние задания\дз Работа с Helm-ом.md
		Домашние задания\ДЗ Prometheus. Grafana.md = Домашние задания\ДЗ Prometheus. Grafana.md
		Домашние задания\ДЗ BFF и APIgateway.md = Домашние задания\ДЗ BFF и APIgateway.md
		Домашние задания\Паттерны_декомпозиции_микросервисов____ДЗ-504866-c8318c.md = Домашние задания\Паттерны_декомпозиции_микросервисов____ДЗ-504866-c8318c.md
		Домашние задания\img_1.png = Домашние задания\img_1.png
		Домашние задания\img.png = Домашние задания\img.png
		Домашние задания\ДЗ сервис заказа.md = Домашние задания\ДЗ сервис заказа.md
	EndProjectSection
EndProject
Project("{FAE04EC0-301F-11D3-BF4B-00C04F79EFBC}") = "LotusWebApp.Worker", "LotusWebApp.Worker\LotusWebApp.Worker.csproj", "{361E903A-1A86-402E-B0A2-089230D7A17D}"
EndProject
Global
	GlobalSection(SolutionConfigurationPlatforms) = preSolution
		Debug|Any CPU = Debug|Any CPU
		Release|Any CPU = Release|Any CPU
	EndGlobalSection
	GlobalSection(ProjectConfigurationPlatforms) = postSolution
		{0068E82F-BCDF-487B-BC0F-891607897D5F}.Debug|Any CPU.ActiveCfg = Debug|Any CPU
		{0068E82F-BCDF-487B-BC0F-891607897D5F}.Debug|Any CPU.Build.0 = Debug|Any CPU
		{0068E82F-BCDF-487B-BC0F-891607897D5F}.Release|Any CPU.ActiveCfg = Release|Any CPU
		{0068E82F-BCDF-487B-BC0F-891607897D5F}.Release|Any CPU.Build.0 = Release|Any CPU
		{23D77A93-3FFB-4124-9280-61DC4ABDD7BE}.Debug|Any CPU.ActiveCfg = Debug|Any CPU
		{23D77A93-3FFB-4124-9280-61DC4ABDD7BE}.Debug|Any CPU.Build.0 = Debug|Any CPU
		{23D77A93-3FFB-4124-9280-61DC4ABDD7BE}.Release|Any CPU.ActiveCfg = Release|Any CPU
		{23D77A93-3FFB-4124-9280-61DC4ABDD7BE}.Release|Any CPU.Build.0 = Release|Any CPU
		{361E903A-1A86-402E-B0A2-089230D7A17D}.Debug|Any CPU.ActiveCfg = Debug|Any CPU
		{361E903A-1A86-402E-B0A2-089230D7A17D}.Debug|Any CPU.Build.0 = Debug|Any CPU
		{361E903A-1A86-402E-B0A2-089230D7A17D}.Release|Any CPU.ActiveCfg = Release|Any CPU
		{361E903A-1A86-402E-B0A2-089230D7A17D}.Release|Any CPU.Build.0 = Release|Any CPU
	EndGlobalSection
	GlobalSection(NestedProjects) = preSolution
		{0068E82F-BCDF-487B-BC0F-891607897D5F} = {4EEF81C3-87FC-42FA-BBAA-59B8ECAF4C4F}
		{84F31160-2812-4A50-91BF-9FEF0AD5C65C} = {366DC559-19C2-4200-B9C5-7C261CF40FFA}
		{0584B2DF-3523-435D-A002-B6D2C77BFFEA} = {5776CD2B-0896-4715-B058-0CD3954A3709}
		{23D77A93-3FFB-4124-9280-61DC4ABDD7BE} = {4EEF81C3-87FC-42FA-BBAA-59B8ECAF4C4F}
		{A6CFE0F0-78AF-4577-A571-3B0CFA2B016D} = {9C7D4B52-10A7-4DF4-A9C2-F4313348D10D}
		{2604A36B-8D86-48FB-A24C-0CD61C7A11CF} = {74D14219-E126-47AB-B1F7-FFAB0350CE95}
		{A42221E7-3385-43A8-BF8B-C7D6CB9A97A6} = {2604A36B-8D86-48FB-A24C-0CD61C7A11CF}
		{9C7D4B52-10A7-4DF4-A9C2-F4313348D10D} = {2604A36B-8D86-48FB-A24C-0CD61C7A11CF}
		{361E903A-1A86-402E-B0A2-089230D7A17D} = {4EEF81C3-87FC-42FA-BBAA-59B8ECAF4C4F}
	EndGlobalSection
EndGlobal
